
Microsoft Visual Studio Solution File, Format Version 12.00
# Visual Studio Version 17
VisualStudioVersion = 17.0.31903.59
MinimumVisualStudioVersion = 10.0.40219.1
Project("{FAE04EC0-301F-11D3-BF4B-00C04F79EFBC}") = "WebApi", "WebApi\WebApi.csproj", "{F7907231-428E-4013-B49F-A45F7AED710F}"
EndProject
Project("{FAE04EC0-301F-11D3-BF4B-00C04F79EFBC}") = "WebApi.Tests", "WebApi.Tests\WebApi.Tests.csproj", "{C9D29D93-0BEE-4B41-9294-54173DE48F52}"
EndProject
Global
	GlobalSection(SolutionConfigurationPlatforms) = preSolution
		Debug|Any CPU = Debug|Any CPU
		Release|Any CPU = Release|Any CPU
	EndGlobalSection
	GlobalSection(SolutionProperties) = preSolution
		HideSolutionNode = FALSE
	EndGlobalSection
	GlobalSection(ProjectConfigurationPlatforms) = postSolution
		{F7907231-428E-4013-B49F-A45F7AED710F}.Debug|Any CPU.ActiveCfg = Debug|Any CPU
		{F7907231-428E-4013-B49F-A45F7AED710F}.Debug|Any CPU.Build.0 = Debug|Any CPU
		{F7907231-428E-4013-B49F-A45F7AED710F}.Release|Any CPU.ActiveCfg = Release|Any CPU
		{F7907231-428E-4013-B49F-A45F7AED710F}.Release|Any CPU.Build.0 = Release|Any CPU
		{C9D29D93-0BEE-4B41-9294-54173DE48F52}.Debug|Any CPU.ActiveCfg = Debug|Any CPU
		{C9D29D93-0BEE-4B41-9294-54173DE48F52}.Debug|Any CPU.Build.0 = Debug|Any CPU
		{C9D29D93-0BEE-4B41-9294-54173DE48F52}.Release|Any CPU.ActiveCfg = Release|Any CPU
		{C9D29D93-0BEE-4B41-9294-54173DE48F52}.Release|Any CPU.Build.0 = Release|Any CPU
	EndGlobalSection
EndGlobal
